
Microsoft Visual Studio Solution File, Format Version 12.00
# Visual Studio 15
Project("{FAE04EC0-301F-11D3-BF4B-00C04F79EFBC}") = "Assembly-CSharp", "Assembly-CSharp.csproj", "{6E89445C-3D9C-CC9E-15A9-D9AED8BF52B4}"
EndProject
Project("{FAE04EC0-301F-11D3-BF4B-00C04F79EFBC}") = "Assembly-CSharp-Editor", "Assembly-CSharp-Editor.csproj", "{BC2A6D1B-985C-2634-F36D-3DEE849AD069}"
EndProject
Global
	GlobalSection(SolutionConfigurationPlatforms) = preSolution
		Debug|Any CPU = Debug|Any CPU
		Release|Any CPU = Release|Any CPU
	EndGlobalSection
	GlobalSection(ProjectConfigurationPlatforms) = postSolution
		{6E89445C-3D9C-CC9E-15A9-D9AED8BF52B4}.Debug|Any CPU.ActiveCfg = Debug|Any CPU
		{6E89445C-3D9C-CC9E-15A9-D9AED8BF52B4}.Debug|Any CPU.Build.0 = Debug|Any CPU
		{6E89445C-3D9C-CC9E-15A9-D9AED8BF52B4}.Release|Any CPU.ActiveCfg = Release|Any CPU
		{6E89445C-3D9C-CC9E-15A9-D9AED8BF52B4}.Release|Any CPU.Build.0 = Release|Any CPU
		{BC2A6D1B-985C-2634-F36D-3DEE849AD069}.Debug|Any CPU.ActiveCfg = Debug|Any CPU
		{BC2A6D1B-985C-2634-F36D-3DEE849AD069}.Debug|Any CPU.Build.0 = Debug|Any CPU
		{BC2A6D1B-985C-2634-F36D-3DEE849AD069}.Release|Any CPU.ActiveCfg = Release|Any CPU
		{BC2A6D1B-985C-2634-F36D-3DEE849AD069}.Release|Any CPU.Build.0 = Release|Any CPU
	EndGlobalSection
	GlobalSection(SolutionProperties) = preSolution
		HideSolutionNode = FALSE
	EndGlobalSection
EndGlobal
